
Microsoft Visual Studio Solution File, Format Version 12.00
# Visual Studio Version 17
VisualStudioVersion = 17.9.34607.119
MinimumVisualStudioVersion = 10.0.40219.1
Project("{FAE04EC0-301F-11D3-BF4B-00C04F79EFBC}") = "PIM", "PIM\PIM.csproj", "{F2EF49B9-C95C-4896-A0CF-77833215BFF8}"
EndProject
Global
	GlobalSection(SolutionConfigurationPlatforms) = preSolution
		Debug|Any CPU = Debug|Any CPU
		Release|Any CPU = Release|Any CPU
	EndGlobalSection
	GlobalSection(ProjectConfigurationPlatforms) = postSolution
		{F2EF49B9-C95C-4896-A0CF-77833215BFF8}.Debug|Any CPU.ActiveCfg = Debug|Any CPU
		{F2EF49B9-C95C-4896-A0CF-77833215BFF8}.Debug|Any CPU.Build.0 = Debug|Any CPU
		{F2EF49B9-C95C-4896-A0CF-77833215BFF8}.Release|Any CPU.ActiveCfg = Release|Any CPU
		{F2EF49B9-C95C-4896-A0CF-77833215BFF8}.Release|Any CPU.Build.0 = Release|Any CPU
	EndGlobalSection
	GlobalSection(SolutionProperties) = preSolution
		HideSolutionNode = FALSE
	EndGlobalSection
	GlobalSection(ExtensibilityGlobals) = postSolution
		SolutionGuid = {CFF0C829-972B-48FA-BC02-6FC9CC41FB46}
	EndGlobalSection
EndGlobal
